
Microsoft Visual Studio Solution File, Format Version 12.00
# Visual Studio Version 16
VisualStudioVersion = 16.0.31624.102
MinimumVisualStudioVersion = 10.0.40219.1
Project("{9A19103F-16F7-4668-BE54-9A1E7A4F7556}") = "BankOfDotNet.API", "BankOfDotNet.API\BankOfDotNet.API.csproj", "{ACBCE737-05E8-4B5B-BB6D-D8C05DEA628E}"
EndProject
Project("{9A19103F-16F7-4668-BE54-9A1E7A4F7556}") = "BankOfDotNet.IdentitySvr", "BankOfDotNet.IdentitySvr\BankOfDotNet.IdentitySvr.csproj", "{B1577A52-A11F-4066-801B-45274B9CB84C}"
EndProject
Project("{9A19103F-16F7-4668-BE54-9A1E7A4F7556}") = "BankOfDotNet.ConsoleClient", "BankOfDotNet.ConsoleClient\BankOfDotNet.ConsoleClient.csproj", "{84136AA5-8CE7-47E1-AC7A-A590B85C648A}"
EndProject
Project("{FAE04EC0-301F-11D3-BF4B-00C04F79EFBC}") = "BankOfDotNet.MvcClient", "BankOfDotNet.MvcClient\BankOfDotNet.MvcClient.csproj", "{DF3413E5-7B3A-497B-ADC7-329BB3D356F0}"
EndProject
Global
	GlobalSection(SolutionConfigurationPlatforms) = preSolution
		Debug|Any CPU = Debug|Any CPU
		Release|Any CPU = Release|Any CPU
	EndGlobalSection
	GlobalSection(ProjectConfigurationPlatforms) = postSolution
		{ACBCE737-05E8-4B5B-BB6D-D8C05DEA628E}.Debug|Any CPU.ActiveCfg = Debug|Any CPU
		{ACBCE737-05E8-4B5B-BB6D-D8C05DEA628E}.Debug|Any CPU.Build.0 = Debug|Any CPU
		{ACBCE737-05E8-4B5B-BB6D-D8C05DEA628E}.Release|Any CPU.ActiveCfg = Release|Any CPU
		{ACBCE737-05E8-4B5B-BB6D-D8C05DEA628E}.Release|Any CPU.Build.0 = Release|Any CPU
		{B1577A52-A11F-4066-801B-45274B9CB84C}.Debug|Any CPU.ActiveCfg = Debug|Any CPU
		{B1577A52-A11F-4066-801B-45274B9CB84C}.Debug|Any CPU.Build.0 = Debug|Any CPU
		{B1577A52-A11F-4066-801B-45274B9CB84C}.Release|Any CPU.ActiveCfg = Release|Any CPU
		{B1577A52-A11F-4066-801B-45274B9CB84C}.Release|Any CPU.Build.0 = Release|Any CPU
		{84136AA5-8CE7-47E1-AC7A-A590B85C648A}.Debug|Any CPU.ActiveCfg = Debug|Any CPU
		{84136AA5-8CE7-47E1-AC7A-A590B85C648A}.Debug|Any CPU.Build.0 = Debug|Any CPU
		{84136AA5-8CE7-47E1-AC7A-A590B85C648A}.Release|Any CPU.ActiveCfg = Release|Any CPU
		{84136AA5-8CE7-47E1-AC7A-A590B85C648A}.Release|Any CPU.Build.0 = Release|Any CPU
		{DF3413E5-7B3A-497B-ADC7-329BB3D356F0}.Debug|Any CPU.ActiveCfg = Debug|Any CPU
		{DF3413E5-7B3A-497B-ADC7-329BB3D356F0}.Debug|Any CPU.Build.0 = Debug|Any CPU
		{DF3413E5-7B3A-497B-ADC7-329BB3D356F0}.Release|Any CPU.ActiveCfg = Release|Any CPU
		{DF3413E5-7B3A-497B-ADC7-329BB3D356F0}.Release|Any CPU.Build.0 = Release|Any CPU
	EndGlobalSection
	GlobalSection(SolutionProperties) = preSolution
		HideSolutionNode = FALSE
	EndGlobalSection
	GlobalSection(ExtensibilityGlobals) = postSolution
		SolutionGuid = {1C78B861-268B-4AA2-8644-533EB90C6683}
	EndGlobalSection
EndGlobal
